
Microsoft Visual Studio Solution File, Format Version 12.00
# Visual Studio Version 17
VisualStudioVersion = 17.5.002.0
MinimumVisualStudioVersion = 10.0.40219.1
Project("{9A19103F-16F7-4668-BE54-9A1E7A4F7556}") = "TemplateEngine", "TemplateEngine\TemplateEngine.csproj", "{F066D86B-666D-4D13-BDDD-8EC32BD82B9C}"
EndProject
Global
	GlobalSection(SolutionConfigurationPlatforms) = preSolution
		Debug|Any CPU = Debug|Any CPU
		Release|Any CPU = Release|Any CPU
	EndGlobalSection
	GlobalSection(ProjectConfigurationPlatforms) = postSolution
		{F066D86B-666D-4D13-BDDD-8EC32BD82B9C}.Debug|Any CPU.ActiveCfg = Debug|Any CPU
		{F066D86B-666D-4D13-BDDD-8EC32BD82B9C}.Debug|Any CPU.Build.0 = Debug|Any CPU
		{F066D86B-666D-4D13-BDDD-8EC32BD82B9C}.Release|Any CPU.ActiveCfg = Release|Any CPU
		{F066D86B-666D-4D13-BDDD-8EC32BD82B9C}.Release|Any CPU.Build.0 = Release|Any CPU
	EndGlobalSection
	GlobalSection(SolutionProperties) = preSolution
		HideSolutionNode = FALSE
	EndGlobalSection
	GlobalSection(ExtensibilityGlobals) = postSolution
		SolutionGuid = {F20EDE7E-1D4C-4331-8DBF-73D372428593}
	EndGlobalSection
EndGlobal
